// !$*UTF8*$!
{
	archiveVersion = 1;
	classes = {
	};
	objectVersion = 46;
	objects = {

/* Begin PBXBuildFile section */
		4533B4ED1CE8D78400E85B65 /* AppDelegate.swift in Sources */ = {isa = PBXBuildFile; fileRef = 4533B4EC1CE8D78400E85B65 /* AppDelegate.swift */; };
		4533B4EF1CE8D78400E85B65 /* LoginViewController.swift in Sources */ = {isa = PBXBuildFile; fileRef = 4533B4EE1CE8D78400E85B65 /* LoginViewController.swift */; };
		4533B4F41CE8D78400E85B65 /* Assets.xcassets in Resources */ = {isa = PBXBuildFile; fileRef = 4533B4F31CE8D78400E85B65 /* Assets.xcassets */; };
		4533B5001CE8DE0700E85B65 /* BTDiscovery.swift in Sources */ = {isa = PBXBuildFile; fileRef = 4533B4FF1CE8DE0700E85B65 /* BTDiscovery.swift */; };
		4533B5021CE8DE4C00E85B65 /* BTService.swift in Sources */ = {isa = PBXBuildFile; fileRef = 4533B5011CE8DE4C00E85B65 /* BTService.swift */; };
		45792BCE1CF4D161004E8C01 /* Launch Screen.storyboard in Resources */ = {isa = PBXBuildFile; fileRef = 45792BCC1CF4D161004E8C01 /* Launch Screen.storyboard */; };
		45792BD71CF4D5AA004E8C01 /* Dosis-Bold.ttf in Resources */ = {isa = PBXBuildFile; fileRef = 45792BD01CF4D5AA004E8C01 /* Dosis-Bold.ttf */; };
		45792BD81CF4D5AA004E8C01 /* Dosis-Book.ttf in Resources */ = {isa = PBXBuildFile; fileRef = 45792BD11CF4D5AA004E8C01 /* Dosis-Book.ttf */; };
		45792BD91CF4D5AA004E8C01 /* Dosis-ExtraBold.ttf in Resources */ = {isa = PBXBuildFile; fileRef = 45792BD21CF4D5AA004E8C01 /* Dosis-ExtraBold.ttf */; };
		45792BDA1CF4D5AA004E8C01 /* Dosis-ExtraLight.ttf in Resources */ = {isa = PBXBuildFile; fileRef = 45792BD31CF4D5AA004E8C01 /* Dosis-ExtraLight.ttf */; };
		45792BDB1CF4D5AA004E8C01 /* Dosis-Light.ttf in Resources */ = {isa = PBXBuildFile; fileRef = 45792BD41CF4D5AA004E8C01 /* Dosis-Light.ttf */; };
		45792BDC1CF4D5AA004E8C01 /* Dosis-Medium.ttf in Resources */ = {isa = PBXBuildFile; fileRef = 45792BD51CF4D5AA004E8C01 /* Dosis-Medium.ttf */; };
		45792BDD1CF4D5AA004E8C01 /* Dosis-SemiBold.ttf in Resources */ = {isa = PBXBuildFile; fileRef = 45792BD61CF4D5AA004E8C01 /* Dosis-SemiBold.ttf */; };
		45954DFB1CF4DA7700244AA4 /* QCButton.swift in Sources */ = {isa = PBXBuildFile; fileRef = 45954DFA1CF4DA7700244AA4 /* QCButton.swift */; };
		45954DFD1CF4DAEE00244AA4 /* UIFont+QuickCount.swift in Sources */ = {isa = PBXBuildFile; fileRef = 45954DFC1CF4DAEE00244AA4 /* UIFont+QuickCount.swift */; };
		45954DFF1CF4DDF300244AA4 /* UIColor+QuickCount.swift in Sources */ = {isa = PBXBuildFile; fileRef = 45954DFE1CF4DDF300244AA4 /* UIColor+QuickCount.swift */; };
		45954E021CF52A0B00244AA4 /* RootViewController.swift in Sources */ = {isa = PBXBuildFile; fileRef = 45954E011CF52A0B00244AA4 /* RootViewController.swift */; };
		45954E041CF52C4300244AA4 /* LoginViewController.xib in Resources */ = {isa = PBXBuildFile; fileRef = 45954E031CF52C4300244AA4 /* LoginViewController.xib */; };
		45954E151CF6725D00244AA4 /* WeighViewController.swift in Sources */ = {isa = PBXBuildFile; fileRef = 45954E131CF6725D00244AA4 /* WeighViewController.swift */; };
		45954E161CF6725D00244AA4 /* WeighViewController.xib in Resources */ = {isa = PBXBuildFile; fileRef = 45954E141CF6725D00244AA4 /* WeighViewController.xib */; };
		45954E1B1CF674E100244AA4 /* MainViewController.swift in Sources */ = {isa = PBXBuildFile; fileRef = 45954E191CF674E100244AA4 /* MainViewController.swift */; };
		45954E1C1CF674E100244AA4 /* MainViewController.xib in Resources */ = {isa = PBXBuildFile; fileRef = 45954E1A1CF674E100244AA4 /* MainViewController.xib */; };
		45954E201CF675F500244AA4 /* HomeViewController.swift in Sources */ = {isa = PBXBuildFile; fileRef = 45954E1E1CF675F500244AA4 /* HomeViewController.swift */; };
		45954E211CF675F500244AA4 /* HomeViewController.xib in Resources */ = {isa = PBXBuildFile; fileRef = 45954E1F1CF675F500244AA4 /* HomeViewController.xib */; };
		45DAB0681CF4A0D300A03223 /* loginVideo.mp4 in Resources */ = {isa = PBXBuildFile; fileRef = 45DAB0671CF4A0D300A03223 /* loginVideo.mp4 */; };
		45DE89BA1CF2B6C6001C821B /* Constants.swift in Sources */ = {isa = PBXBuildFile; fileRef = 45DE89B91CF2B6C6001C821B /* Constants.swift */; };
		45DE89BC1CF2BAE5001C821B /* Errors.swift in Sources */ = {isa = PBXBuildFile; fileRef = 45DE89BB1CF2BAE5001C821B /* Errors.swift */; };
		45DE89BE1CF2C374001C821B /* BluetoothManager.swift in Sources */ = {isa = PBXBuildFile; fileRef = 45DE89BD1CF2C374001C821B /* BluetoothManager.swift */; };
		45DE89C11CF2D7BE001C821B /* UIAlertController+Counted.swift in Sources */ = {isa = PBXBuildFile; fileRef = 45DE89C01CF2D7BE001C821B /* UIAlertController+Counted.swift */; };
		F34953ABFF807FFCC3E18B2C /* Pods.framework in Frameworks */ = {isa = PBXBuildFile; fileRef = 0AF033B5700BAE1BEDE4AA3B /* Pods.framework */; };
/* End PBXBuildFile section */

/* Begin PBXFileReference section */
		0AF033B5700BAE1BEDE4AA3B /* Pods.framework */ = {isa = PBXFileReference; explicitFileType = wrapper.framework; includeInIndex = 0; path = Pods.framework; sourceTree = BUILT_PRODUCTS_DIR; };
		4533B4E91CE8D78400E85B65 /* QuickCount.app */ = {isa = PBXFileReference; explicitFileType = wrapper.application; includeInIndex = 0; path = QuickCount.app; sourceTree = BUILT_PRODUCTS_DIR; };
		4533B4EC1CE8D78400E85B65 /* AppDelegate.swift */ = {isa = PBXFileReference; lastKnownFileType = sourcecode.swift; path = AppDelegate.swift; sourceTree = "<group>"; };
		4533B4EE1CE8D78400E85B65 /* LoginViewController.swift */ = {isa = PBXFileReference; lastKnownFileType = sourcecode.swift; path = LoginViewController.swift; sourceTree = "<group>"; };
		4533B4F31CE8D78400E85B65 /* Assets.xcassets */ = {isa = PBXFileReference; lastKnownFileType = folder.assetcatalog; path = Assets.xcassets; sourceTree = "<group>"; };
		4533B4F81CE8D78400E85B65 /* Info.plist */ = {isa = PBXFileReference; lastKnownFileType = text.plist.xml; path = Info.plist; sourceTree = "<group>"; };
		4533B4FF1CE8DE0700E85B65 /* BTDiscovery.swift */ = {isa = PBXFileReference; fileEncoding = 4; lastKnownFileType = sourcecode.swift; path = BTDiscovery.swift; sourceTree = "<group>"; };
		4533B5011CE8DE4C00E85B65 /* BTService.swift */ = {isa = PBXFileReference; fileEncoding = 4; lastKnownFileType = sourcecode.swift; path = BTService.swift; sourceTree = "<group>"; };
		45792BCD1CF4D161004E8C01 /* Base */ = {isa = PBXFileReference; lastKnownFileType = file.storyboard; name = Base; path = "Base.lproj/Launch Screen.storyboard"; sourceTree = "<group>"; };
		45792BD01CF4D5AA004E8C01 /* Dosis-Bold.ttf */ = {isa = PBXFileReference; lastKnownFileType = file; path = "Dosis-Bold.ttf"; sourceTree = "<group>"; };
		45792BD11CF4D5AA004E8C01 /* Dosis-Book.ttf */ = {isa = PBXFileReference; lastKnownFileType = file; path = "Dosis-Book.ttf"; sourceTree = "<group>"; };
		45792BD21CF4D5AA004E8C01 /* Dosis-ExtraBold.ttf */ = {isa = PBXFileReference; lastKnownFileType = file; path = "Dosis-ExtraBold.ttf"; sourceTree = "<group>"; };
		45792BD31CF4D5AA004E8C01 /* Dosis-ExtraLight.ttf */ = {isa = PBXFileReference; lastKnownFileType = file; path = "Dosis-ExtraLight.ttf"; sourceTree = "<group>"; };
		45792BD41CF4D5AA004E8C01 /* Dosis-Light.ttf */ = {isa = PBXFileReference; lastKnownFileType = file; path = "Dosis-Light.ttf"; sourceTree = "<group>"; };
		45792BD51CF4D5AA004E8C01 /* Dosis-Medium.ttf */ = {isa = PBXFileReference; lastKnownFileType = file; path = "Dosis-Medium.ttf"; sourceTree = "<group>"; };
		45792BD61CF4D5AA004E8C01 /* Dosis-SemiBold.ttf */ = {isa = PBXFileReference; lastKnownFileType = file; path = "Dosis-SemiBold.ttf"; sourceTree = "<group>"; };
		45954DFA1CF4DA7700244AA4 /* QCButton.swift */ = {isa = PBXFileReference; fileEncoding = 4; lastKnownFileType = sourcecode.swift; path = QCButton.swift; sourceTree = "<group>"; };
		45954DFC1CF4DAEE00244AA4 /* UIFont+QuickCount.swift */ = {isa = PBXFileReference; fileEncoding = 4; lastKnownFileType = sourcecode.swift; path = "UIFont+QuickCount.swift"; sourceTree = "<group>"; };
		45954DFE1CF4DDF300244AA4 /* UIColor+QuickCount.swift */ = {isa = PBXFileReference; fileEncoding = 4; lastKnownFileType = sourcecode.swift; path = "UIColor+QuickCount.swift"; sourceTree = "<group>"; };
		45954E011CF52A0B00244AA4 /* RootViewController.swift */ = {isa = PBXFileReference; fileEncoding = 4; lastKnownFileType = sourcecode.swift; path = RootViewController.swift; sourceTree = "<group>"; };
		45954E031CF52C4300244AA4 /* LoginViewController.xib */ = {isa = PBXFileReference; fileEncoding = 4; lastKnownFileType = file.xib; path = LoginViewController.xib; sourceTree = "<group>"; };
		45954E131CF6725D00244AA4 /* WeighViewController.swift */ = {isa = PBXFileReference; fileEncoding = 4; lastKnownFileType = sourcecode.swift; path = WeighViewController.swift; sourceTree = "<group>"; };
		45954E141CF6725D00244AA4 /* WeighViewController.xib */ = {isa = PBXFileReference; fileEncoding = 4; lastKnownFileType = file.xib; path = WeighViewController.xib; sourceTree = "<group>"; };
		45954E191CF674E100244AA4 /* MainViewController.swift */ = {isa = PBXFileReference; fileEncoding = 4; lastKnownFileType = sourcecode.swift; path = MainViewController.swift; sourceTree = "<group>"; };
		45954E1A1CF674E100244AA4 /* MainViewController.xib */ = {isa = PBXFileReference; fileEncoding = 4; lastKnownFileType = file.xib; path = MainViewController.xib; sourceTree = "<group>"; };
		45954E1E1CF675F500244AA4 /* HomeViewController.swift */ = {isa = PBXFileReference; fileEncoding = 4; lastKnownFileType = sourcecode.swift; path = HomeViewController.swift; sourceTree = "<group>"; };
		45954E1F1CF675F500244AA4 /* HomeViewController.xib */ = {isa = PBXFileReference; fileEncoding = 4; lastKnownFileType = file.xib; path = HomeViewController.xib; sourceTree = "<group>"; };
		45DAB0671CF4A0D300A03223 /* loginVideo.mp4 */ = {isa = PBXFileReference; lastKnownFileType = file; path = loginVideo.mp4; sourceTree = "<group>"; };
		45DE89B91CF2B6C6001C821B /* Constants.swift */ = {isa = PBXFileReference; fileEncoding = 4; lastKnownFileType = sourcecode.swift; path = Constants.swift; sourceTree = "<group>"; };
		45DE89BB1CF2BAE5001C821B /* Errors.swift */ = {isa = PBXFileReference; fileEncoding = 4; lastKnownFileType = sourcecode.swift; path = Errors.swift; sourceTree = "<group>"; };
		45DE89BD1CF2C374001C821B /* BluetoothManager.swift */ = {isa = PBXFileReference; fileEncoding = 4; lastKnownFileType = sourcecode.swift; path = BluetoothManager.swift; sourceTree = "<group>"; };
		45DE89C01CF2D7BE001C821B /* UIAlertController+Counted.swift */ = {isa = PBXFileReference; fileEncoding = 4; lastKnownFileType = sourcecode.swift; path = "UIAlertController+Counted.swift"; sourceTree = "<group>"; };
		51DF94699FFC5FD375DCFD08 /* Pods.release.xcconfig */ = {isa = PBXFileReference; includeInIndex = 1; lastKnownFileType = text.xcconfig; name = Pods.release.xcconfig; path = "Pods/Target Support Files/Pods/Pods.release.xcconfig"; sourceTree = "<group>"; };
		94957CB57FEC6F8E4FC8DCD7 /* Pods.debug.xcconfig */ = {isa = PBXFileReference; includeInIndex = 1; lastKnownFileType = text.xcconfig; name = Pods.debug.xcconfig; path = "Pods/Target Support Files/Pods/Pods.debug.xcconfig"; sourceTree = "<group>"; };
/* End PBXFileReference section */

/* Begin PBXFrameworksBuildPhase section */
		4533B4E61CE8D78400E85B65 /* Frameworks */ = {
			isa = PBXFrameworksBuildPhase;
			buildActionMask = 2147483647;
			files = (
				F34953ABFF807FFCC3E18B2C /* Pods.framework in Frameworks */,
			);
			runOnlyForDeploymentPostprocessing = 0;
		};
/* End PBXFrameworksBuildPhase section */

/* Begin PBXGroup section */
		4533B4E01CE8D78400E85B65 = {
			isa = PBXGroup;
			children = (
				4533B4EB1CE8D78400E85B65 /* QuickCount */,
				4533B4EA1CE8D78400E85B65 /* Products */,
				BF011F9F050D816B6AF5414C /* Pods */,
				752A017CA74026B5DA49AFB3 /* Frameworks */,
			);
			sourceTree = "<group>";
		};
		4533B4EA1CE8D78400E85B65 /* Products */ = {
			isa = PBXGroup;
			children = (
				4533B4E91CE8D78400E85B65 /* QuickCount.app */,
			);
			name = Products;
			sourceTree = "<group>";
		};
		4533B4EB1CE8D78400E85B65 /* QuickCount */ = {
			isa = PBXGroup;
			children = (
				4533B4EC1CE8D78400E85B65 /* AppDelegate.swift */,
				45954DF91CF4DA2900244AA4 /* Views */,
				45DAB0641CF49CBE00A03223 /* Supporting Files */,
				45DE89BF1CF2D789001C821B /* Extension */,
				45DE89B81CF2B69E001C821B /* Utilities */,
				4533B4FE1CE8DDE900E85B65 /* Bluetooth */,
				45DAB0691CF4A5B900A03223 /* Screens */,
				45792BCC1CF4D161004E8C01 /* Launch Screen.storyboard */,
				4533B4F31CE8D78400E85B65 /* Assets.xcassets */,
				4533B4F81CE8D78400E85B65 /* Info.plist */,
			);
			path = QuickCount;
			sourceTree = "<group>";
		};
		4533B4FE1CE8DDE900E85B65 /* Bluetooth */ = {
			isa = PBXGroup;
			children = (
				45DE89BD1CF2C374001C821B /* BluetoothManager.swift */,
				4533B4FF1CE8DE0700E85B65 /* BTDiscovery.swift */,
				4533B5011CE8DE4C00E85B65 /* BTService.swift */,
			);
			path = Bluetooth;
			sourceTree = "<group>";
		};
		45792BCF1CF4D595004E8C01 /* Fonts */ = {
			isa = PBXGroup;
			children = (
				45792BD01CF4D5AA004E8C01 /* Dosis-Bold.ttf */,
				45792BD11CF4D5AA004E8C01 /* Dosis-Book.ttf */,
				45792BD21CF4D5AA004E8C01 /* Dosis-ExtraBold.ttf */,
				45792BD31CF4D5AA004E8C01 /* Dosis-ExtraLight.ttf */,
				45792BD41CF4D5AA004E8C01 /* Dosis-Light.ttf */,
				45792BD51CF4D5AA004E8C01 /* Dosis-Medium.ttf */,
				45792BD61CF4D5AA004E8C01 /* Dosis-SemiBold.ttf */,
			);
			path = Fonts;
			sourceTree = "<group>";
		};
		45954DF91CF4DA2900244AA4 /* Views */ = {
			isa = PBXGroup;
			children = (
				45954DFA1CF4DA7700244AA4 /* QCButton.swift */,
			);
			path = Views;
			sourceTree = "<group>";
		};
		45954E001CF529F100244AA4 /* Root */ = {
			isa = PBXGroup;
			children = (
				45954E011CF52A0B00244AA4 /* RootViewController.swift */,
			);
			path = Root;
			sourceTree = "<group>";
		};
		45954E051CF52DCA00244AA4 /* Main */ = {
			isa = PBXGroup;
			children = (
				45954E191CF674E100244AA4 /* MainViewController.swift */,
				45954E1A1CF674E100244AA4 /* MainViewController.xib */,
			);
			path = Main;
			sourceTree = "<group>";
		};
		45954E121CF6712C00244AA4 /* Weigh */ = {
			isa = PBXGroup;
			children = (
				45954E131CF6725D00244AA4 /* WeighViewController.swift */,
				45954E141CF6725D00244AA4 /* WeighViewController.xib */,
			);
			path = Weigh;
			sourceTree = "<group>";
		};
		45954E1D1CF675DD00244AA4 /* Home */ = {
			isa = PBXGroup;
			children = (
				45954E1E1CF675F500244AA4 /* HomeViewController.swift */,
				45954E1F1CF675F500244AA4 /* HomeViewController.xib */,
			);
			path = Home;
			sourceTree = "<group>";
		};
		45DAB0641CF49CBE00A03223 /* Supporting Files */ = {
			isa = PBXGroup;
			children = (
				45792BCF1CF4D595004E8C01 /* Fonts */,
				45DAB0671CF4A0D300A03223 /* loginVideo.mp4 */,
			);
			path = "Supporting Files";
			sourceTree = "<group>";
		};
		45DAB0691CF4A5B900A03223 /* Screens */ = {
			isa = PBXGroup;
			children = (
				45954E1D1CF675DD00244AA4 /* Home */,
				45954E121CF6712C00244AA4 /* Weigh */,
				45954E051CF52DCA00244AA4 /* Main */,
				45954E001CF529F100244AA4 /* Root */,
				45DAB06A1CF4A5D700A03223 /* Login */,
			);
			path = Screens;
			sourceTree = "<group>";
		};
		45DAB06A1CF4A5D700A03223 /* Login */ = {
			isa = PBXGroup;
			children = (
				4533B4EE1CE8D78400E85B65 /* LoginViewController.swift */,
				45954E031CF52C4300244AA4 /* LoginViewController.xib */,
			);
			path = Login;
			sourceTree = "<group>";
		};
		45DE89B81CF2B69E001C821B /* Utilities */ = {
			isa = PBXGroup;
			children = (
				45DE89B91CF2B6C6001C821B /* Constants.swift */,
				45DE89BB1CF2BAE5001C821B /* Errors.swift */,
			);
			path = Utilities;
			sourceTree = "<group>";
		};
		45DE89BF1CF2D789001C821B /* Extension */ = {
			isa = PBXGroup;
			children = (
				45DE89C01CF2D7BE001C821B /* UIAlertController+Counted.swift */,
				45954DFC1CF4DAEE00244AA4 /* UIFont+QuickCount.swift */,
				45954DFE1CF4DDF300244AA4 /* UIColor+QuickCount.swift */,
			);
			name = Extension;
			path = Extensions;
			sourceTree = "<group>";
		};
		752A017CA74026B5DA49AFB3 /* Frameworks */ = {
			isa = PBXGroup;
			children = (
				0AF033B5700BAE1BEDE4AA3B /* Pods.framework */,
			);
			name = Frameworks;
			sourceTree = "<group>";
		};
		BF011F9F050D816B6AF5414C /* Pods */ = {
			isa = PBXGroup;
			children = (
				94957CB57FEC6F8E4FC8DCD7 /* Pods.debug.xcconfig */,
				51DF94699FFC5FD375DCFD08 /* Pods.release.xcconfig */,
			);
			name = Pods;
			sourceTree = "<group>";
		};
/* End PBXGroup section */

/* Begin PBXNativeTarget section */
		4533B4E81CE8D78400E85B65 /* QuickCount */ = {
			isa = PBXNativeTarget;
			buildConfigurationList = 4533B4FB1CE8D78400E85B65 /* Build configuration list for PBXNativeTarget "QuickCount" */;
			buildPhases = (
				FC3B1042C4868ED56B6C2945 /* Check Pods Manifest.lock */,
				4533B4E51CE8D78400E85B65 /* Sources */,
				4533B4E61CE8D78400E85B65 /* Frameworks */,
				4533B4E71CE8D78400E85B65 /* Resources */,
				DCF8C25ED5B10B0EAA49A497 /* Embed Pods Frameworks */,
				C7B21EDCE31FEC58B442573B /* Copy Pods Resources */,
			);
			buildRules = (
			);
			dependencies = (
			);
			name = QuickCount;
			productName = Counted;
			productReference = 4533B4E91CE8D78400E85B65 /* QuickCount.app */;
			productType = "com.apple.product-type.application";
		};
/* End PBXNativeTarget section */

/* Begin PBXProject section */
		4533B4E11CE8D78400E85B65 /* Project object */ = {
			isa = PBXProject;
			attributes = {
				LastSwiftUpdateCheck = 0730;
				LastUpgradeCheck = 0730;
				ORGANIZATIONNAME = Counted;
				TargetAttributes = {
					4533B4E81CE8D78400E85B65 = {
						CreatedOnToolsVersion = 7.3;
						DevelopmentTeam = 98E8SVTQ29;
					};
				};
			};
			buildConfigurationList = 4533B4E41CE8D78400E85B65 /* Build configuration list for PBXProject "QuickCount" */;
			compatibilityVersion = "Xcode 3.2";
			developmentRegion = English;
			hasScannedForEncodings = 0;
			knownRegions = (
				en,
				Base,
			);
			mainGroup = 4533B4E01CE8D78400E85B65;
			productRefGroup = 4533B4EA1CE8D78400E85B65 /* Products */;
			projectDirPath = "";
			projectRoot = "";
			targets = (
				4533B4E81CE8D78400E85B65 /* QuickCount */,
			);
		};
/* End PBXProject section */

/* Begin PBXResourcesBuildPhase section */
		4533B4E71CE8D78400E85B65 /* Resources */ = {
			isa = PBXResourcesBuildPhase;
			buildActionMask = 2147483647;
			files = (
				4533B4F41CE8D78400E85B65 /* Assets.xcassets in Resources */,
				45954E1C1CF674E100244AA4 /* MainViewController.xib in Resources */,
				45792BDB1CF4D5AA004E8C01 /* Dosis-Light.ttf in Resources */,
				45792BDD1CF4D5AA004E8C01 /* Dosis-SemiBold.ttf in Resources */,
				45792BD81CF4D5AA004E8C01 /* Dosis-Book.ttf in Resources */,
				45954E211CF675F500244AA4 /* HomeViewController.xib in Resources */,
				45792BDA1CF4D5AA004E8C01 /* Dosis-ExtraLight.ttf in Resources */,
				45792BCE1CF4D161004E8C01 /* Launch Screen.storyboard in Resources */,
				45792BDC1CF4D5AA004E8C01 /* Dosis-Medium.ttf in Resources */,
				45954E041CF52C4300244AA4 /* LoginViewController.xib in Resources */,
				45792BD91CF4D5AA004E8C01 /* Dosis-ExtraBold.ttf in Resources */,
				45DAB0681CF4A0D300A03223 /* loginVideo.mp4 in Resources */,
				45792BD71CF4D5AA004E8C01 /* Dosis-Bold.ttf in Resources */,
				45954E161CF6725D00244AA4 /* WeighViewController.xib in Resources */,
			);
			runOnlyForDeploymentPostprocessing = 0;
		};
/* End PBXResourcesBuildPhase section */

/* Begin PBXShellScriptBuildPhase section */
		C7B21EDCE31FEC58B442573B /* Copy Pods Resources */ = {
			isa = PBXShellScriptBuildPhase;
			buildActionMask = 2147483647;
			files = (
			);
			inputPaths = (
			);
			name = "Copy Pods Resources";
			outputPaths = (
			);
			runOnlyForDeploymentPostprocessing = 0;
			shellPath = /bin/sh;
			shellScript = "\"${SRCROOT}/Pods/Target Support Files/Pods/Pods-resources.sh\"\n";
			showEnvVarsInLog = 0;
		};
		DCF8C25ED5B10B0EAA49A497 /* Embed Pods Frameworks */ = {
			isa = PBXShellScriptBuildPhase;
			buildActionMask = 2147483647;
			files = (
			);
			inputPaths = (
			);
			name = "Embed Pods Frameworks";
			outputPaths = (
			);
			runOnlyForDeploymentPostprocessing = 0;
			shellPath = /bin/sh;
			shellScript = "\"${SRCROOT}/Pods/Target Support Files/Pods/Pods-frameworks.sh\"\n";
			showEnvVarsInLog = 0;
		};
		FC3B1042C4868ED56B6C2945 /* Check Pods Manifest.lock */ = {
			isa = PBXShellScriptBuildPhase;
			buildActionMask = 2147483647;
			files = (
			);
			inputPaths = (
			);
			name = "Check Pods Manifest.lock";
			outputPaths = (
			);
			runOnlyForDeploymentPostprocessing = 0;
			shellPath = /bin/sh;
			shellScript = "diff \"${PODS_ROOT}/../Podfile.lock\" \"${PODS_ROOT}/Manifest.lock\" > /dev/null\nif [[ $? != 0 ]] ; then\n    cat << EOM\nerror: The sandbox is not in sync with the Podfile.lock. Run 'pod install' or update your CocoaPods installation.\nEOM\n    exit 1\nfi\n";
			showEnvVarsInLog = 0;
		};
/* End PBXShellScriptBuildPhase section */

/* Begin PBXSourcesBuildPhase section */
		4533B4E51CE8D78400E85B65 /* Sources */ = {
			isa = PBXSourcesBuildPhase;
			buildActionMask = 2147483647;
			files = (
				45954DFB1CF4DA7700244AA4 /* QCButton.swift in Sources */,
				45DE89BA1CF2B6C6001C821B /* Constants.swift in Sources */,
				45954E021CF52A0B00244AA4 /* RootViewController.swift in Sources */,
				45954E151CF6725D00244AA4 /* WeighViewController.swift in Sources */,
				45954DFF1CF4DDF300244AA4 /* UIColor+QuickCount.swift in Sources */,
				45954E201CF675F500244AA4 /* HomeViewController.swift in Sources */,
				45DE89C11CF2D7BE001C821B /* UIAlertController+Counted.swift in Sources */,
				4533B5001CE8DE0700E85B65 /* BTDiscovery.swift in Sources */,
				45954E1B1CF674E100244AA4 /* MainViewController.swift in Sources */,
				45954DFD1CF4DAEE00244AA4 /* UIFont+QuickCount.swift in Sources */,
				4533B5021CE8DE4C00E85B65 /* BTService.swift in Sources */,
				45DE89BE1CF2C374001C821B /* BluetoothManager.swift in Sources */,
				4533B4EF1CE8D78400E85B65 /* LoginViewController.swift in Sources */,
				45DE89BC1CF2BAE5001C821B /* Errors.swift in Sources */,
				4533B4ED1CE8D78400E85B65 /* AppDelegate.swift in Sources */,
			);
			runOnlyForDeploymentPostprocessing = 0;
		};
/* End PBXSourcesBuildPhase section */

/* Begin PBXVariantGroup section */
		45792BCC1CF4D161004E8C01 /* Launch Screen.storyboard */ = {
			isa = PBXVariantGroup;
			children = (
				45792BCD1CF4D161004E8C01 /* Base */,
			);
			name = "Launch Screen.storyboard";
			sourceTree = "<group>";
		};
/* End PBXVariantGroup section */

/* Begin XCBuildConfiguration section */
		4533B4F91CE8D78400E85B65 /* Debug */ = {
			isa = XCBuildConfiguration;
			buildSettings = {
				ALWAYS_SEARCH_USER_PATHS = NO;
				CLANG_ANALYZER_NONNULL = YES;
				CLANG_CXX_LANGUAGE_STANDARD = "gnu++0x";
				CLANG_CXX_LIBRARY = "libc++";
				CLANG_ENABLE_MODULES = YES;
				CLANG_ENABLE_OBJC_ARC = YES;
				CLANG_WARN_BOOL_CONVERSION = YES;
				CLANG_WARN_CONSTANT_CONVERSION = YES;
				CLANG_WARN_DIRECT_OBJC_ISA_USAGE = YES_ERROR;
				CLANG_WARN_EMPTY_BODY = YES;
				CLANG_WARN_ENUM_CONVERSION = YES;
				CLANG_WARN_INT_CONVERSION = YES;
				CLANG_WARN_OBJC_ROOT_CLASS = YES_ERROR;
				CLANG_WARN_UNREACHABLE_CODE = YES;
				CLANG_WARN__DUPLICATE_METHOD_MATCH = YES;
				"CODE_SIGN_IDENTITY[sdk=iphoneos*]" = "iPhone Developer";
				COPY_PHASE_STRIP = NO;
				DEBUG_INFORMATION_FORMAT = dwarf;
				ENABLE_STRICT_OBJC_MSGSEND = YES;
				ENABLE_TESTABILITY = YES;
				GCC_C_LANGUAGE_STANDARD = gnu99;
				GCC_DYNAMIC_NO_PIC = NO;
				GCC_NO_COMMON_BLOCKS = YES;
				GCC_OPTIMIZATION_LEVEL = 0;
				GCC_PREPROCESSOR_DEFINITIONS = (
					"DEBUG=1",
					"$(inherited)",
				);
				GCC_WARN_64_TO_32_BIT_CONVERSION = YES;
				GCC_WARN_ABOUT_RETURN_TYPE = YES_ERROR;
				GCC_WARN_UNDECLARED_SELECTOR = YES;
				GCC_WARN_UNINITIALIZED_AUTOS = YES_AGGRESSIVE;
				GCC_WARN_UNUSED_FUNCTION = YES;
				GCC_WARN_UNUSED_VARIABLE = YES;
				IPHONEOS_DEPLOYMENT_TARGET = 9.3;
				MTL_ENABLE_DEBUG_INFO = YES;
				ONLY_ACTIVE_ARCH = YES;
				SDKROOT = iphoneos;
				SWIFT_OPTIMIZATION_LEVEL = "-Onone";
			};
			name = Debug;
		};
		4533B4FA1CE8D78400E85B65 /* Release */ = {
			isa = XCBuildConfiguration;
			buildSettings = {
				ALWAYS_SEARCH_USER_PATHS = NO;
				CLANG_ANALYZER_NONNULL = YES;
				CLANG_CXX_LANGUAGE_STANDARD = "gnu++0x";
				CLANG_CXX_LIBRARY = "libc++";
				CLANG_ENABLE_MODULES = YES;
				CLANG_ENABLE_OBJC_ARC = YES;
				CLANG_WARN_BOOL_CONVERSION = YES;
				CLANG_WARN_CONSTANT_CONVERSION = YES;
				CLANG_WARN_DIRECT_OBJC_ISA_USAGE = YES_ERROR;
				CLANG_WARN_EMPTY_BODY = YES;
				CLANG_WARN_ENUM_CONVERSION = YES;
				CLANG_WARN_INT_CONVERSION = YES;
				CLANG_WARN_OBJC_ROOT_CLASS = YES_ERROR;
				CLANG_WARN_UNREACHABLE_CODE = YES;
				CLANG_WARN__DUPLICATE_METHOD_MATCH = YES;
				"CODE_SIGN_IDENTITY[sdk=iphoneos*]" = "iPhone Developer";
				COPY_PHASE_STRIP = NO;
				DEBUG_INFORMATION_FORMAT = "dwarf-with-dsym";
				ENABLE_NS_ASSERTIONS = NO;
				ENABLE_STRICT_OBJC_MSGSEND = YES;
				GCC_C_LANGUAGE_STANDARD = gnu99;
				GCC_NO_COMMON_BLOCKS = YES;
				GCC_WARN_64_TO_32_BIT_CONVERSION = YES;
				GCC_WARN_ABOUT_RETURN_TYPE = YES_ERROR;
				GCC_WARN_UNDECLARED_SELECTOR = YES;
				GCC_WARN_UNINITIALIZED_AUTOS = YES_AGGRESSIVE;
				GCC_WARN_UNUSED_FUNCTION = YES;
				GCC_WARN_UNUSED_VARIABLE = YES;
				IPHONEOS_DEPLOYMENT_TARGET = 9.3;
				MTL_ENABLE_DEBUG_INFO = NO;
				SDKROOT = iphoneos;
				VALIDATE_PRODUCT = YES;
			};
			name = Release;
		};
		4533B4FC1CE8D78400E85B65 /* Debug */ = {
			isa = XCBuildConfiguration;
			baseConfigurationReference = 94957CB57FEC6F8E4FC8DCD7 /* Pods.debug.xcconfig */;
			buildSettings = {
				ASSETCATALOG_COMPILER_APPICON_NAME = AppIcon;
				CODE_SIGN_IDENTITY = "iPhone Developer";
				INFOPLIST_FILE = "$(SRCROOT)/QuickCount/Info.plist";
				IPHONEOS_DEPLOYMENT_TARGET = 8.0;
				LD_RUNPATH_SEARCH_PATHS = "$(inherited) @executable_path/Frameworks";
				PRODUCT_BUNDLE_IDENTIFIER = com.quickcount.QuickCount;
				PRODUCT_NAME = QuickCount;
			};
			name = Debug;
		};
		4533B4FD1CE8D78400E85B65 /* Release */ = {
			isa = XCBuildConfiguration;
			baseConfigurationReference = 51DF94699FFC5FD375DCFD08 /* Pods.release.xcconfig */;
			buildSettings = {
				ASSETCATALOG_COMPILER_APPICON_NAME = AppIcon;
				CODE_SIGN_IDENTITY = "iPhone Developer";
				INFOPLIST_FILE = "$(SRCROOT)/QuickCount/Info.plist";
				IPHONEOS_DEPLOYMENT_TARGET = 8.0;
				LD_RUNPATH_SEARCH_PATHS = "$(inherited) @executable_path/Frameworks";
				PRODUCT_BUNDLE_IDENTIFIER = com.quickcount.QuickCount;
				PRODUCT_NAME = QuickCount;
			};
			name = Release;
		};
/* End XCBuildConfiguration section */

/* Begin XCConfigurationList section */
		4533B4E41CE8D78400E85B65 /* Build configuration list for PBXProject "QuickCount" */ = {
			isa = XCConfigurationList;
			buildConfigurations = (
				4533B4F91CE8D78400E85B65 /* Debug */,
				4533B4FA1CE8D78400E85B65 /* Release */,
			);
			defaultConfigurationIsVisible = 0;
			defaultConfigurationName = Release;
		};
		4533B4FB1CE8D78400E85B65 /* Build configuration list for PBXNativeTarget "QuickCount" */ = {
			isa = XCConfigurationList;
			buildConfigurations = (
				4533B4FC1CE8D78400E85B65 /* Debug */,
				4533B4FD1CE8D78400E85B65 /* Release */,
			);
			defaultConfigurationIsVisible = 0;
			defaultConfigurationName = Release;
		};
/* End XCConfigurationList section */
	};
	rootObject = 4533B4E11CE8D78400E85B65 /* Project object */;
}
