// !$*UTF8*$!
{
	archiveVersion = 1;
	classes = {
	};
	objectVersion = 46;
	objects = {

/* Begin PBXBuildFile section */
		4533B4ED1CE8D78400E85B65 /* AppDelegate.swift in Sources */ = {isa = PBXBuildFile; fileRef = 4533B4EC1CE8D78400E85B65 /* AppDelegate.swift */; };
		4533B4EF1CE8D78400E85B65 /* ViewController.swift in Sources */ = {isa = PBXBuildFile; fileRef = 4533B4EE1CE8D78400E85B65 /* ViewController.swift */; };
		4533B4F21CE8D78400E85B65 /* Main.storyboard in Resources */ = {isa = PBXBuildFile; fileRef = 4533B4F01CE8D78400E85B65 /* Main.storyboard */; };
		4533B4F41CE8D78400E85B65 /* Assets.xcassets in Resources */ = {isa = PBXBuildFile; fileRef = 4533B4F31CE8D78400E85B65 /* Assets.xcassets */; };
		4533B4F71CE8D78400E85B65 /* LaunchScreen.storyboard in Resources */ = {isa = PBXBuildFile; fileRef = 4533B4F51CE8D78400E85B65 /* LaunchScreen.storyboard */; };
		4533B5001CE8DE0700E85B65 /* BTDiscovery.swift in Sources */ = {isa = PBXBuildFile; fileRef = 4533B4FF1CE8DE0700E85B65 /* BTDiscovery.swift */; };
		4533B5021CE8DE4C00E85B65 /* BTService.swift in Sources */ = {isa = PBXBuildFile; fileRef = 4533B5011CE8DE4C00E85B65 /* BTService.swift */; };
		45DE89BA1CF2B6C6001C821B /* Constants.swift in Sources */ = {isa = PBXBuildFile; fileRef = 45DE89B91CF2B6C6001C821B /* Constants.swift */; };
		45DE89BC1CF2BAE5001C821B /* Errors.swift in Sources */ = {isa = PBXBuildFile; fileRef = 45DE89BB1CF2BAE5001C821B /* Errors.swift */; };
		45DE89BE1CF2C374001C821B /* BluetoothManager.swift in Sources */ = {isa = PBXBuildFile; fileRef = 45DE89BD1CF2C374001C821B /* BluetoothManager.swift */; };
/* End PBXBuildFile section */

/* Begin PBXFileReference section */
		4533B4E91CE8D78400E85B65 /* Counted.app */ = {isa = PBXFileReference; explicitFileType = wrapper.application; includeInIndex = 0; path = Counted.app; sourceTree = BUILT_PRODUCTS_DIR; };
		4533B4EC1CE8D78400E85B65 /* AppDelegate.swift */ = {isa = PBXFileReference; lastKnownFileType = sourcecode.swift; path = AppDelegate.swift; sourceTree = "<group>"; };
		4533B4EE1CE8D78400E85B65 /* ViewController.swift */ = {isa = PBXFileReference; lastKnownFileType = sourcecode.swift; path = ViewController.swift; sourceTree = "<group>"; };
		4533B4F11CE8D78400E85B65 /* Base */ = {isa = PBXFileReference; lastKnownFileType = file.storyboard; name = Base; path = Base.lproj/Main.storyboard; sourceTree = "<group>"; };
		4533B4F31CE8D78400E85B65 /* Assets.xcassets */ = {isa = PBXFileReference; lastKnownFileType = folder.assetcatalog; path = Assets.xcassets; sourceTree = "<group>"; };
		4533B4F61CE8D78400E85B65 /* Base */ = {isa = PBXFileReference; lastKnownFileType = file.storyboard; name = Base; path = Base.lproj/LaunchScreen.storyboard; sourceTree = "<group>"; };
		4533B4F81CE8D78400E85B65 /* Info.plist */ = {isa = PBXFileReference; lastKnownFileType = text.plist.xml; path = Info.plist; sourceTree = "<group>"; };
		4533B4FF1CE8DE0700E85B65 /* BTDiscovery.swift */ = {isa = PBXFileReference; fileEncoding = 4; lastKnownFileType = sourcecode.swift; path = BTDiscovery.swift; sourceTree = "<group>"; };
		4533B5011CE8DE4C00E85B65 /* BTService.swift */ = {isa = PBXFileReference; fileEncoding = 4; lastKnownFileType = sourcecode.swift; path = BTService.swift; sourceTree = "<group>"; };
		45DE89B91CF2B6C6001C821B /* Constants.swift */ = {isa = PBXFileReference; fileEncoding = 4; lastKnownFileType = sourcecode.swift; path = Constants.swift; sourceTree = "<group>"; };
		45DE89BB1CF2BAE5001C821B /* Errors.swift */ = {isa = PBXFileReference; fileEncoding = 4; lastKnownFileType = sourcecode.swift; path = Errors.swift; sourceTree = "<group>"; };
		45DE89BD1CF2C374001C821B /* BluetoothManager.swift */ = {isa = PBXFileReference; fileEncoding = 4; lastKnownFileType = sourcecode.swift; path = BluetoothManager.swift; sourceTree = "<group>"; };
/* End PBXFileReference section */

/* Begin PBXFrameworksBuildPhase section */
		4533B4E61CE8D78400E85B65 /* Frameworks */ = {
			isa = PBXFrameworksBuildPhase;
			buildActionMask = 2147483647;
			files = (
			);
			runOnlyForDeploymentPostprocessing = 0;
		};
/* End PBXFrameworksBuildPhase section */

/* Begin PBXGroup section */
		4533B4E01CE8D78400E85B65 = {
			isa = PBXGroup;
			children = (
				4533B4EB1CE8D78400E85B65 /* Counted */,
				4533B4EA1CE8D78400E85B65 /* Products */,
			);
			sourceTree = "<group>";
		};
		4533B4EA1CE8D78400E85B65 /* Products */ = {
			isa = PBXGroup;
			children = (
				4533B4E91CE8D78400E85B65 /* Counted.app */,
			);
			name = Products;
			sourceTree = "<group>";
		};
		4533B4EB1CE8D78400E85B65 /* Counted */ = {
			isa = PBXGroup;
			children = (
				4533B4EC1CE8D78400E85B65 /* AppDelegate.swift */,
				45DE89B81CF2B69E001C821B /* Utilities */,
				4533B4FE1CE8DDE900E85B65 /* Bluetooth */,
				4533B4EE1CE8D78400E85B65 /* ViewController.swift */,
				4533B4F01CE8D78400E85B65 /* Main.storyboard */,
				4533B4F31CE8D78400E85B65 /* Assets.xcassets */,
				4533B4F51CE8D78400E85B65 /* LaunchScreen.storyboard */,
				4533B4F81CE8D78400E85B65 /* Info.plist */,
			);
			path = Counted;
			sourceTree = "<group>";
		};
		4533B4FE1CE8DDE900E85B65 /* Bluetooth */ = {
			isa = PBXGroup;
			children = (
				4533B4FF1CE8DE0700E85B65 /* BTDiscovery.swift */,
				4533B5011CE8DE4C00E85B65 /* BTService.swift */,
				45DE89BD1CF2C374001C821B /* BluetoothManager.swift */,
			);
			path = Bluetooth;
			sourceTree = "<group>";
		};
		45DE89B81CF2B69E001C821B /* Utilities */ = {
			isa = PBXGroup;
			children = (
				45DE89B91CF2B6C6001C821B /* Constants.swift */,
				45DE89BB1CF2BAE5001C821B /* Errors.swift */,
			);
			path = Utilities;
			sourceTree = "<group>";
		};
/* End PBXGroup section */

/* Begin PBXNativeTarget section */
		4533B4E81CE8D78400E85B65 /* Counted */ = {
			isa = PBXNativeTarget;
			buildConfigurationList = 4533B4FB1CE8D78400E85B65 /* Build configuration list for PBXNativeTarget "Counted" */;
			buildPhases = (
				4533B4E51CE8D78400E85B65 /* Sources */,
				4533B4E61CE8D78400E85B65 /* Frameworks */,
				4533B4E71CE8D78400E85B65 /* Resources */,
			);
			buildRules = (
			);
			dependencies = (
			);
			name = Counted;
			productName = Counted;
			productReference = 4533B4E91CE8D78400E85B65 /* Counted.app */;
			productType = "com.apple.product-type.application";
		};
/* End PBXNativeTarget section */

/* Begin PBXProject section */
		4533B4E11CE8D78400E85B65 /* Project object */ = {
			isa = PBXProject;
			attributes = {
				LastSwiftUpdateCheck = 0730;
				LastUpgradeCheck = 0730;
				ORGANIZATIONNAME = Counted;
				TargetAttributes = {
					4533B4E81CE8D78400E85B65 = {
						CreatedOnToolsVersion = 7.3;
						DevelopmentTeam = 98E8SVTQ29;
					};
				};
			};
			buildConfigurationList = 4533B4E41CE8D78400E85B65 /* Build configuration list for PBXProject "Counted" */;
			compatibilityVersion = "Xcode 3.2";
			developmentRegion = English;
			hasScannedForEncodings = 0;
			knownRegions = (
				en,
				Base,
			);
			mainGroup = 4533B4E01CE8D78400E85B65;
			productRefGroup = 4533B4EA1CE8D78400E85B65 /* Products */;
			projectDirPath = "";
			projectRoot = "";
			targets = (
				4533B4E81CE8D78400E85B65 /* Counted */,
			);
		};
/* End PBXProject section */

/* Begin PBXResourcesBuildPhase section */
		4533B4E71CE8D78400E85B65 /* Resources */ = {
			isa = PBXResourcesBuildPhase;
			buildActionMask = 2147483647;
			files = (
				4533B4F71CE8D78400E85B65 /* LaunchScreen.storyboard in Resources */,
				4533B4F41CE8D78400E85B65 /* Assets.xcassets in Resources */,
				4533B4F21CE8D78400E85B65 /* Main.storyboard in Resources */,
			);
			runOnlyForDeploymentPostprocessing = 0;
		};
/* End PBXResourcesBuildPhase section */

/* Begin PBXSourcesBuildPhase section */
		4533B4E51CE8D78400E85B65 /* Sources */ = {
			isa = PBXSourcesBuildPhase;
			buildActionMask = 2147483647;
			files = (
				45DE89BA1CF2B6C6001C821B /* Constants.swift in Sources */,
				4533B5001CE8DE0700E85B65 /* BTDiscovery.swift in Sources */,
				4533B5021CE8DE4C00E85B65 /* BTService.swift in Sources */,
				45DE89BE1CF2C374001C821B /* BluetoothManager.swift in Sources */,
				4533B4EF1CE8D78400E85B65 /* ViewController.swift in Sources */,
				45DE89BC1CF2BAE5001C821B /* Errors.swift in Sources */,
				4533B4ED1CE8D78400E85B65 /* AppDelegate.swift in Sources */,
			);
			runOnlyForDeploymentPostprocessing = 0;
		};
/* End PBXSourcesBuildPhase section */

/* Begin PBXVariantGroup section */
		4533B4F01CE8D78400E85B65 /* Main.storyboard */ = {
			isa = PBXVariantGroup;
			children = (
				4533B4F11CE8D78400E85B65 /* Base */,
			);
			name = Main.storyboard;
			sourceTree = "<group>";
		};
		4533B4F51CE8D78400E85B65 /* LaunchScreen.storyboard */ = {
			isa = PBXVariantGroup;
			children = (
				4533B4F61CE8D78400E85B65 /* Base */,
			);
			name = LaunchScreen.storyboard;
			sourceTree = "<group>";
		};
/* End PBXVariantGroup section */

/* Begin XCBuildConfiguration section */
		4533B4F91CE8D78400E85B65 /* Debug */ = {
			isa = XCBuildConfiguration;
			buildSettings = {
				ALWAYS_SEARCH_USER_PATHS = NO;
				CLANG_ANALYZER_NONNULL = YES;
				CLANG_CXX_LANGUAGE_STANDARD = "gnu++0x";
				CLANG_CXX_LIBRARY = "libc++";
				CLANG_ENABLE_MODULES = YES;
				CLANG_ENABLE_OBJC_ARC = YES;
				CLANG_WARN_BOOL_CONVERSION = YES;
				CLANG_WARN_CONSTANT_CONVERSION = YES;
				CLANG_WARN_DIRECT_OBJC_ISA_USAGE = YES_ERROR;
				CLANG_WARN_EMPTY_BODY = YES;
				CLANG_WARN_ENUM_CONVERSION = YES;
				CLANG_WARN_INT_CONVERSION = YES;
				CLANG_WARN_OBJC_ROOT_CLASS = YES_ERROR;
				CLANG_WARN_UNREACHABLE_CODE = YES;
				CLANG_WARN__DUPLICATE_METHOD_MATCH = YES;
				"CODE_SIGN_IDENTITY[sdk=iphoneos*]" = "iPhone Developer";
				COPY_PHASE_STRIP = NO;
				DEBUG_INFORMATION_FORMAT = dwarf;
				ENABLE_STRICT_OBJC_MSGSEND = YES;
				ENABLE_TESTABILITY = YES;
				GCC_C_LANGUAGE_STANDARD = gnu99;
				GCC_DYNAMIC_NO_PIC = NO;
				GCC_NO_COMMON_BLOCKS = YES;
				GCC_OPTIMIZATION_LEVEL = 0;
				GCC_PREPROCESSOR_DEFINITIONS = (
					"DEBUG=1",
					"$(inherited)",
				);
				GCC_WARN_64_TO_32_BIT_CONVERSION = YES;
				GCC_WARN_ABOUT_RETURN_TYPE = YES_ERROR;
				GCC_WARN_UNDECLARED_SELECTOR = YES;
				GCC_WARN_UNINITIALIZED_AUTOS = YES_AGGRESSIVE;
				GCC_WARN_UNUSED_FUNCTION = YES;
				GCC_WARN_UNUSED_VARIABLE = YES;
				IPHONEOS_DEPLOYMENT_TARGET = 9.3;
				MTL_ENABLE_DEBUG_INFO = YES;
				ONLY_ACTIVE_ARCH = YES;
				SDKROOT = iphoneos;
				SWIFT_OPTIMIZATION_LEVEL = "-Onone";
			};
			name = Debug;
		};
		4533B4FA1CE8D78400E85B65 /* Release */ = {
			isa = XCBuildConfiguration;
			buildSettings = {
				ALWAYS_SEARCH_USER_PATHS = NO;
				CLANG_ANALYZER_NONNULL = YES;
				CLANG_CXX_LANGUAGE_STANDARD = "gnu++0x";
				CLANG_CXX_LIBRARY = "libc++";
				CLANG_ENABLE_MODULES = YES;
				CLANG_ENABLE_OBJC_ARC = YES;
				CLANG_WARN_BOOL_CONVERSION = YES;
				CLANG_WARN_CONSTANT_CONVERSION = YES;
				CLANG_WARN_DIRECT_OBJC_ISA_USAGE = YES_ERROR;
				CLANG_WARN_EMPTY_BODY = YES;
				CLANG_WARN_ENUM_CONVERSION = YES;
				CLANG_WARN_INT_CONVERSION = YES;
				CLANG_WARN_OBJC_ROOT_CLASS = YES_ERROR;
				CLANG_WARN_UNREACHABLE_CODE = YES;
				CLANG_WARN__DUPLICATE_METHOD_MATCH = YES;
				"CODE_SIGN_IDENTITY[sdk=iphoneos*]" = "iPhone Developer";
				COPY_PHASE_STRIP = NO;
				DEBUG_INFORMATION_FORMAT = "dwarf-with-dsym";
				ENABLE_NS_ASSERTIONS = NO;
				ENABLE_STRICT_OBJC_MSGSEND = YES;
				GCC_C_LANGUAGE_STANDARD = gnu99;
				GCC_NO_COMMON_BLOCKS = YES;
				GCC_WARN_64_TO_32_BIT_CONVERSION = YES;
				GCC_WARN_ABOUT_RETURN_TYPE = YES_ERROR;
				GCC_WARN_UNDECLARED_SELECTOR = YES;
				GCC_WARN_UNINITIALIZED_AUTOS = YES_AGGRESSIVE;
				GCC_WARN_UNUSED_FUNCTION = YES;
				GCC_WARN_UNUSED_VARIABLE = YES;
				IPHONEOS_DEPLOYMENT_TARGET = 9.3;
				MTL_ENABLE_DEBUG_INFO = NO;
				SDKROOT = iphoneos;
				VALIDATE_PRODUCT = YES;
			};
			name = Release;
		};
		4533B4FC1CE8D78400E85B65 /* Debug */ = {
			isa = XCBuildConfiguration;
			buildSettings = {
				ASSETCATALOG_COMPILER_APPICON_NAME = AppIcon;
				CODE_SIGN_IDENTITY = "iPhone Developer";
				INFOPLIST_FILE = Counted/Info.plist;
				LD_RUNPATH_SEARCH_PATHS = "$(inherited) @executable_path/Frameworks";
				PRODUCT_BUNDLE_IDENTIFIER = com.counted.Counted;
				PRODUCT_NAME = "$(TARGET_NAME)";
			};
			name = Debug;
		};
		4533B4FD1CE8D78400E85B65 /* Release */ = {
			isa = XCBuildConfiguration;
			buildSettings = {
				ASSETCATALOG_COMPILER_APPICON_NAME = AppIcon;
				CODE_SIGN_IDENTITY = "iPhone Developer";
				INFOPLIST_FILE = Counted/Info.plist;
				LD_RUNPATH_SEARCH_PATHS = "$(inherited) @executable_path/Frameworks";
				PRODUCT_BUNDLE_IDENTIFIER = com.counted.Counted;
				PRODUCT_NAME = "$(TARGET_NAME)";
			};
			name = Release;
		};
/* End XCBuildConfiguration section */

/* Begin XCConfigurationList section */
		4533B4E41CE8D78400E85B65 /* Build configuration list for PBXProject "Counted" */ = {
			isa = XCConfigurationList;
			buildConfigurations = (
				4533B4F91CE8D78400E85B65 /* Debug */,
				4533B4FA1CE8D78400E85B65 /* Release */,
			);
			defaultConfigurationIsVisible = 0;
			defaultConfigurationName = Release;
		};
		4533B4FB1CE8D78400E85B65 /* Build configuration list for PBXNativeTarget "Counted" */ = {
			isa = XCConfigurationList;
			buildConfigurations = (
				4533B4FC1CE8D78400E85B65 /* Debug */,
				4533B4FD1CE8D78400E85B65 /* Release */,
			);
			defaultConfigurationIsVisible = 0;
			defaultConfigurationName = Release;
		};
/* End XCConfigurationList section */
	};
	rootObject = 4533B4E11CE8D78400E85B65 /* Project object */;
}
